
Microsoft Visual Studio Solution File, Format Version 12.00
# Visual Studio Version 16
VisualStudioVersion = 16.0.31729.503
MinimumVisualStudioVersion = 10.0.40219.1
Project("{FAE04EC0-301F-11D3-BF4B-00C04F79EFBC}") = "appointmentScheduling", "appointmentScheduling\appointmentScheduling.csproj", "{1EFC4A41-51B4-4BE3-A1E3-F0009565274E}"
EndProject
Global
	GlobalSection(SolutionConfigurationPlatforms) = preSolution
		Debug|Any CPU = Debug|Any CPU
		Release|Any CPU = Release|Any CPU
	EndGlobalSection
	GlobalSection(ProjectConfigurationPlatforms) = postSolution
		{1EFC4A41-51B4-4BE3-A1E3-F0009565274E}.Debug|Any CPU.ActiveCfg = Debug|Any CPU
		{1EFC4A41-51B4-4BE3-A1E3-F0009565274E}.Debug|Any CPU.Build.0 = Debug|Any CPU
		{1EFC4A41-51B4-4BE3-A1E3-F0009565274E}.Release|Any CPU.ActiveCfg = Release|Any CPU
		{1EFC4A41-51B4-4BE3-A1E3-F0009565274E}.Release|Any CPU.Build.0 = Release|Any CPU
	EndGlobalSection
	GlobalSection(SolutionProperties) = preSolution
		HideSolutionNode = FALSE
	EndGlobalSection
	GlobalSection(ExtensibilityGlobals) = postSolution
		SolutionGuid = {2B9E4C35-A085-4BA6-9DCB-24568327331D}
	EndGlobalSection
EndGlobal
